Microsoft Visual Studio Solution File, Format Version 12.00
# Visual Studio Version 17
VisualStudioVersion = 17.5.2.0
MinimumVisualStudioVersion = 10.0.40219.1
Project("{FAE04EC0-301F-11D3-BF4B-00C04F79EFBC}") = "n_pares_datos_for", "n_pares_datos_for.csproj", "{556355DC-B850-DF3E-548A-D1DFFCA32CCE}"
EndProject
Global
	GlobalSection(SolutionConfigurationPlatforms) = preSolution
		Debug|Any CPU = Debug|Any CPU
		Release|Any CPU = Release|Any CPU
	EndGlobalSection
	GlobalSection(ProjectConfigurationPlatforms) = postSolution
		{556355DC-B850-DF3E-548A-D1DFFCA32CCE}.Debug|Any CPU.ActiveCfg = Debug|Any CPU
		{556355DC-B850-DF3E-548A-D1DFFCA32CCE}.Debug|Any CPU.Build.0 = Debug|Any CPU
		{556355DC-B850-DF3E-548A-D1DFFCA32CCE}.Release|Any CPU.ActiveCfg = Release|Any CPU
		{556355DC-B850-DF3E-548A-D1DFFCA32CCE}.Release|Any CPU.Build.0 = Release|Any CPU
	EndGlobalSection
	GlobalSection(SolutionProperties) = preSolution
		HideSolutionNode = FALSE
	EndGlobalSection
	GlobalSection(ExtensibilityGlobals) = postSolution
		SolutionGuid = {7AEB8BA8-DC98-47F8-9969-579823FCAD5B}
	EndGlobalSection
EndGlobal
